
Microsoft Visual Studio Solution File, Format Version 12.00
# Visual Studio Version 17
VisualStudioVersion = 17.14.36310.24 d17.14
MinimumVisualStudioVersion = 10.0.40219.1
Project("{FAE04EC0-301F-11D3-BF4B-00C04F79EFBC}") = "Concierto.Api", "Concierto.Api\Concierto.Api.csproj", "{C3A68751-0E59-49DB-9299-8AA550645D24}"
EndProject
Project("{FAE04EC0-301F-11D3-BF4B-00C04F79EFBC}") = "Concierto.Logic", "Concierto.Logic\Concierto.Logic.csproj", "{57397287-A3C6-41FB-A7D3-626A28E83BBB}"
EndProject
Global
	GlobalSection(SolutionConfigurationPlatforms) = preSolution
		Debug|Any CPU = Debug|Any CPU
		Release|Any CPU = Release|Any CPU
	EndGlobalSection
	GlobalSection(ProjectConfigurationPlatforms) = postSolution
		{C3A68751-0E59-49DB-9299-8AA550645D24}.Debug|Any CPU.ActiveCfg = Debug|Any CPU
		{C3A68751-0E59-49DB-9299-8AA550645D24}.Debug|Any CPU.Build.0 = Debug|Any CPU
		{C3A68751-0E59-49DB-9299-8AA550645D24}.Release|Any CPU.ActiveCfg = Release|Any CPU
		{C3A68751-0E59-49DB-9299-8AA550645D24}.Release|Any CPU.Build.0 = Release|Any CPU
		{57397287-A3C6-41FB-A7D3-626A28E83BBB}.Debug|Any CPU.ActiveCfg = Debug|Any CPU
		{57397287-A3C6-41FB-A7D3-626A28E83BBB}.Debug|Any CPU.Build.0 = Debug|Any CPU
		{57397287-A3C6-41FB-A7D3-626A28E83BBB}.Release|Any CPU.ActiveCfg = Release|Any CPU
		{57397287-A3C6-41FB-A7D3-626A28E83BBB}.Release|Any CPU.Build.0 = Release|Any CPU
	EndGlobalSection
	GlobalSection(SolutionProperties) = preSolution
		HideSolutionNode = FALSE
	EndGlobalSection
	GlobalSection(ExtensibilityGlobals) = postSolution
		SolutionGuid = {EE1EF954-7A6D-465E-B8BF-80072F8E2D20}
	EndGlobalSection
EndGlobal
